
Microsoft Visual Studio Solution File, Format Version 12.00
# Visual Studio Version 17
VisualStudioVersion = 17.0.31903.59
MinimumVisualStudioVersion = 10.0.40219.1
Project("{FAE04EC0-301F-11D3-BF4B-00C04F79EFBC}") = "FinDashers.API", "FinDashers.API\FinDashers.API.csproj", "{5DC39F4F-F072-40AA-8975-1F0E93DF0F0C}"
EndProject
Project("{FAE04EC0-301F-11D3-BF4B-00C04F79EFBC}") = "FinDashers.Core", "FinDashers.Core\FinDashers.Core.csproj", "{9BDBC1F0-B72B-430D-A45A-AC7573C9822B}"
EndProject
Project("{FAE04EC0-301F-11D3-BF4B-00C04F79EFBC}") = "FinDashers.Worker", "FinDashers.Worker\FinDashers.Worker.csproj", "{C2B09AE0-789E-4D88-9CD6-01C9A66C4563}"
EndProject
Global
	GlobalSection(SolutionConfigurationPlatforms) = preSolution
		Debug|Any CPU = Debug|Any CPU
		Debug|x64 = Debug|x64
		Debug|x86 = Debug|x86
		Release|Any CPU = Release|Any CPU
		Release|x64 = Release|x64
		Release|x86 = Release|x86
	EndGlobalSection
	GlobalSection(ProjectConfigurationPlatforms) = postSolution
		{5DC39F4F-F072-40AA-8975-1F0E93DF0F0C}.Debug|Any CPU.ActiveCfg = Debug|Any CPU
		{5DC39F4F-F072-40AA-8975-1F0E93DF0F0C}.Debug|Any CPU.Build.0 = Debug|Any CPU
		{5DC39F4F-F072-40AA-8975-1F0E93DF0F0C}.Debug|x64.ActiveCfg = Debug|Any CPU
		{5DC39F4F-F072-40AA-8975-1F0E93DF0F0C}.Debug|x64.Build.0 = Debug|Any CPU
		{5DC39F4F-F072-40AA-8975-1F0E93DF0F0C}.Debug|x86.ActiveCfg = Debug|Any CPU
		{5DC39F4F-F072-40AA-8975-1F0E93DF0F0C}.Debug|x86.Build.0 = Debug|Any CPU
		{5DC39F4F-F072-40AA-8975-1F0E93DF0F0C}.Release|Any CPU.ActiveCfg = Release|Any CPU
		{5DC39F4F-F072-40AA-8975-1F0E93DF0F0C}.Release|Any CPU.Build.0 = Release|Any CPU
		{5DC39F4F-F072-40AA-8975-1F0E93DF0F0C}.Release|x64.ActiveCfg = Release|Any CPU
		{5DC39F4F-F072-40AA-8975-1F0E93DF0F0C}.Release|x64.Build.0 = Release|Any CPU
		{5DC39F4F-F072-40AA-8975-1F0E93DF0F0C}.Release|x86.ActiveCfg = Release|Any CPU
		{5DC39F4F-F072-40AA-8975-1F0E93DF0F0C}.Release|x86.Build.0 = Release|Any CPU
		{9BDBC1F0-B72B-430D-A45A-AC7573C9822B}.Debug|Any CPU.ActiveCfg = Debug|Any CPU
		{9BDBC1F0-B72B-430D-A45A-AC7573C9822B}.Debug|Any CPU.Build.0 = Debug|Any CPU
		{9BDBC1F0-B72B-430D-A45A-AC7573C9822B}.Debug|x64.ActiveCfg = Debug|Any CPU
		{9BDBC1F0-B72B-430D-A45A-AC7573C9822B}.Debug|x64.Build.0 = Debug|Any CPU
		{9BDBC1F0-B72B-430D-A45A-AC7573C9822B}.Debug|x86.ActiveCfg = Debug|Any CPU
		{9BDBC1F0-B72B-430D-A45A-AC7573C9822B}.Debug|x86.Build.0 = Debug|Any CPU
		{9BDBC1F0-B72B-430D-A45A-AC7573C9822B}.Release|Any CPU.ActiveCfg = Release|Any CPU
		{9BDBC1F0-B72B-430D-A45A-AC7573C9822B}.Release|Any CPU.Build.0 = Release|Any CPU
		{9BDBC1F0-B72B-430D-A45A-AC7573C9822B}.Release|x64.ActiveCfg = Release|Any CPU
		{9BDBC1F0-B72B-430D-A45A-AC7573C9822B}.Release|x64.Build.0 = Release|Any CPU
		{9BDBC1F0-B72B-430D-A45A-AC7573C9822B}.Release|x86.ActiveCfg = Release|Any CPU
		{9BDBC1F0-B72B-430D-A45A-AC7573C9822B}.Release|x86.Build.0 = Release|Any CPU
		{C2B09AE0-789E-4D88-9CD6-01C9A66C4563}.Debug|Any CPU.ActiveCfg = Debug|Any CPU
		{C2B09AE0-789E-4D88-9CD6-01C9A66C4563}.Debug|Any CPU.Build.0 = Debug|Any CPU
		{C2B09AE0-789E-4D88-9CD6-01C9A66C4563}.Debug|x64.ActiveCfg = Debug|Any CPU
		{C2B09AE0-789E-4D88-9CD6-01C9A66C4563}.Debug|x64.Build.0 = Debug|Any CPU
		{C2B09AE0-789E-4D88-9CD6-01C9A66C4563}.Debug|x86.ActiveCfg = Debug|Any CPU
		{C2B09AE0-789E-4D88-9CD6-01C9A66C4563}.Debug|x86.Build.0 = Debug|Any CPU
		{C2B09AE0-789E-4D88-9CD6-01C9A66C4563}.Release|Any CPU.ActiveCfg = Release|Any CPU
		{C2B09AE0-789E-4D88-9CD6-01C9A66C4563}.Release|Any CPU.Build.0 = Release|Any CPU
		{C2B09AE0-789E-4D88-9CD6-01C9A66C4563}.Release|x64.ActiveCfg = Release|Any CPU
		{C2B09AE0-789E-4D88-9CD6-01C9A66C4563}.Release|x64.Build.0 = Release|Any CPU
		{C2B09AE0-789E-4D88-9CD6-01C9A66C4563}.Release|x86.ActiveCfg = Release|Any CPU
		{C2B09AE0-789E-4D88-9CD6-01C9A66C4563}.Release|x86.Build.0 = Release|Any CPU
	EndGlobalSection
	GlobalSection(SolutionProperties) = preSolution
		HideSolutionNode = FALSE
	EndGlobalSection
	GlobalSection(ExtensibilityGlobals) = postSolution
		SolutionGuid = {6882AF02-CCEC-490B-ABFD-BAC5F01BF85A}
	EndGlobalSection
EndGlobal
